github.com/FortAwesome/Font-Awesome v0.0.0-20260210181720-337dd2045d56 h1:wZEHFCO5SVesIEn1oBuo3ltK7stDYViJsNT2aGRSXN4=
github.com/FortAwesome/Font-Awesome v0.0.0-20260210181720-337dd2045d56/go.mod h1:IUgezN/MFpCDIlFezw3L8j83oeiIuYoj28Miwr/KUYo=
github.com/airbnb/lottie-web v5.13.0+incompatible h1:plBV5Uq/F1kK0EC61Hr0cBGReI9OgUfd/pp0baoDX8o=
github.com/airbnb/lottie-web v5.13.0+incompatible/go.mod h1:nTss557UK9FGnp8QYlCMO29tjUHwbdAHG/DprbGfHGE=
github.com/cloudcannon/bookshop/hugo/v3 v3.18.5 h1:AKWzUQpWcBSbJgHQ/5cfPQtGX40bn8vbHBGk4rlHEGE=
github.com/cloudcannon/bookshop/hugo/v3 v3.18.5/go.mod h1:s7mIonDhtsLcn10ZKuVXyqd6BDHI8vT1WQhZw8rPfY8=
github.com/gethinode/hinode/v2 v2.19.4 h1:cX6I3YKpfX9xdEB2jr9LIWLIAL2pX9/B6beyEODxxvA=
github.com/gethinode/hinode/v2 v2.19.4/go.mod h1:mqJLNE/zjS+F50L4GB1AqC9gvNqbVfbYZ3FaPxD5HD4=
github.com/gethinode/hinode/v2 v2.20.0 h1:WSfhRbJaK3NEB34T7dZMJhq8YvseBapn3cOFFYfXURs=
github.com/gethinode/hinode/v2 v2.20.0/go.mod h1:TgOeFsqFMU2iboO+iMk/JRq6yZiOQXWl/oXBtIm1+3w=
github.com/gethinode/mod-blocks v1.23.6 h1:Kg0RAlMhz2j1W60sERvHQyAa8H6UbNfMl9ZJajh/vKU=
github.com/gethinode/mod-blocks v1.23.6/go.mod h1:zSbs/OyzCDt4Kvn/9e1Zi8K1tweJANfibHUr/jcOrt4=
github.com/gethinode/mod-blocks v1.24.0 h1:QVKs3yh6CwrqdtCyZhagwaDQxa+gUlyq2KhYEWuq1k4=
github.com/gethinode/mod-blocks v1.24.0/go.mod h1:fPJnt8bW7dk7S1xPGStwqpHnzIGwETnN4SBmvLPoZa0=
github.com/gethinode/mod-bootstrap v1.3.7 h1:rbjOg//q7dbsM+TkDQLsyk9LKv93D1RUjtcSkvV55UU=
github.com/gethinode/mod-bootstrap v1.3.7/go.mod h1:CxrYCFzKtBMz3YWG5i/d5jHKCgvUo60NFcCmz2mxCjQ=
github.com/gethinode/mod-bootstrap-icons v1.4.4 h1:ts9JkWlWYJ8fiPkMO5Ue6ym/2WM5V9Rq1qpAgSGnbxQ=
github.com/gethinode/mod-bootstrap-icons v1.4.4/go.mod h1:ue9SPYxBc0NOoghr2qnWBz4NZF+sxOeb2sx+t9T2KKY=
github.com/gethinode/mod-cookieyes/v2 v2.2.6 h1:/DQm8OYpms0On8wuosQER47TplVu/3z7MZHwbBKXCAg=
github.com/gethinode/mod-cookieyes/v2 v2.2.6/go.mod h1:tULb7D7CoTycGUyL7ryqHJKaX11XuL2SN+XwP7/DI0Y=
github.com/gethinode/mod-csp v1.0.11 h1:kQKQWF0UL/RT8m5t+VBbTGyo2vTWmCwVXKrHDuCwCU4=
github.com/gethinode/mod-csp v1.0.11/go.mod h1:Nb22QMicoUHgZQUKP5TCgVrSI8K3KU7jLuLBShmotjg=
github.com/gethinode/mod-docs v1.14.1 h1:+G8IjMi/krhAzvOlB5ODnfQCp6b5ixWyU3D7f/8vdRg=
github.com/gethinode/mod-docs v1.14.1/go.mod h1:ru1w0fHqFocjDIMV0dm40OwhBw5k4UncCS8iO/1S5kI=
github.com/gethinode/mod-flexsearch/v4 v4.3.3 h1:/h900BK1zmfI3NQ/xp6srFNnPABiJhVaAg+xhiN+v1U=
github.com/gethinode/mod-flexsearch/v4 v4.3.3/go.mod h1:+aa5mmNfFHnqb30AoAWVRx/SQJMjEN98OleVMcmGLjA=
github.com/gethinode/mod-fontawesome/v5 v5.1.1 h1:zYjqzFMj2JdYyvRrigIAs8+LIspQ0XSRmi9f1orQm0Q=
github.com/gethinode/mod-fontawesome/v5 v5.1.1/go.mod h1:DZi1UIZLFO9Og2pkrsyTRad85PoFEEwSwiPd7kk28IA=
github.com/gethinode/mod-google-analytics/v2 v2.0.3 h1:G2uwsOmgpjNA0Zcftvzlz++qXCFb5DMn5e54H3GZnUA=
github.com/gethinode/mod-google-analytics/v2 v2.0.3/go.mod h1:y4ZlacA8FSXjmvn9P8cZshOrBB5Wc+3p0DKSehkk+8E=
github.com/gethinode/mod-katex v1.1.5 h1:Fp0BGdf3m9xWOQHx1hILi78gpNHRwdTpruQpLHpTCFw=
github.com/gethinode/mod-katex v1.1.5/go.mod h1:byAfpI3wuqNJIooTGVEGc1cjBhhCy4+CcK1H6495MYg=
github.com/gethinode/mod-leaflet/v2 v2.1.1 h1:8g0T9hN036LsCaXFkehDlzFbEpAlSYrzxSpbhSLrRr8=
github.com/gethinode/mod-leaflet/v2 v2.1.1/go.mod h1:A9Inp9uwSDD6vW8uYVVGl6eXGMe+j3ESOxV4T53HOaM=
github.com/gethinode/mod-llm/v2 v2.0.0 h1:K+P4i+MgbiSPAbe4FH+wLk+9Myr1QGz+TmTaYcXhwGM=
github.com/gethinode/mod-llm/v2 v2.0.0/go.mod h1:Qj3tST/41zhEAE1GqYUEs0hlVnQ3ENW5xfv3+LnWqbk=
github.com/gethinode/mod-lottie/v2 v2.1.2 h1:6ckLvZ/zCugdFtXSLeLviz38sTwAwYa1EuGqErcjyq0=
github.com/gethinode/mod-lottie/v2 v2.1.2/go.mod h1:9+IlgdD7WEmmrPM4OY8Uy66o86tv9MLR1lImDEiCcrw=
github.com/gethinode/mod-mermaid/v4 v4.10.1 h1:wXAvq48rMp7p4HXg03rI18cxPfmov4LWuUkcAM03sEA=
github.com/gethinode/mod-mermaid/v4 v4.10.1/go.mod h1:oZoG4GfNy3pjj7dvevrjXYjeJe86RHFaNN74z86e3V0=
github.com/gethinode/mod-simple-datatables/v3 v3.1.2 h1:EiZFezmLDKBsbUkhrZqTJlFWJ6vFV+HfdWNM8h/uY6s=
github.com/gethinode/mod-simple-datatables/v3 v3.1.2/go.mod h1:pUU1gcVUmNXgivo1SOFpcB3KYJhljQyfSnArROeIaZo=
github.com/gethinode/mod-utils/v6 v6.4.0 h1:l49KrawKE/7c6XE00wXQ9T5/kuTfiETerBz6OWn3SJc=
github.com/gethinode/mod-utils/v6 v6.4.0/go.mod h1:E5tO9w3VKaidJpu1nI8zAKmh0bddFHOIIQnudAaXQTs=
github.com/nextapps-de/flexsearch v0.0.0-20260529083235-f7ed963096a0 h1:QDKcU3q39lFGzdVwM6kgCGnW3ibbMfYIi0Rwl62iJpo=
github.com/nextapps-de/flexsearch v0.0.0-20260529083235-f7ed963096a0/go.mod h1:5GdMfPAXzbA2gXBqTjC6l27kioSYzHlqDMh0+wyx7sU=
github.com/twbs/bootstrap v5.3.8+incompatible h1:eK1fsXP7R/FWFt+sSNmmvUH9usPocf240nWVw7Dh02o=
github.com/twbs/bootstrap v5.3.8+incompatible/go.mod h1:fZTSrkpSf0/HkL0IIJzvVspTt1r9zuf7XlZau8kpcY0=
github.com/twbs/icons v1.13.1 h1:6bmNXvoeIbvjFWjfbjXg5JGbelLD1haIsMaEIzE9UZI=
github.com/twbs/icons v1.13.1/go.mod h1:GnRlymgVWp5iVJCMa0Me5b6tFyGpVc2bSxPMRGIJmyA=
